// !$*UTF8*$!
{
	archiveVersion = 1;
	classes = {
	};
	objectVersion = 56;
	objects = {

/* Begin PBXBuildFile section */
		8ACDBC252C5CD87B00687ACF /* AppDelegate.swift in Sources */ = {isa = PBXBuildFile; fileRef = 8ACDBC242C5CD87B00687ACF /* AppDelegate.swift */; };
		8ACDBC272C5CD87B00687ACF /* SceneDelegate.swift in Sources */ = {isa = PBXBuildFile; fileRef = 8ACDBC262C5CD87B00687ACF /* SceneDelegate.swift */; };
		8ACDBC2E2C5CD87D00687ACF /* Assets.xcassets in Resources */ = {isa = PBXBuildFile; fileRef = 8ACDBC2D2C5CD87D00687ACF /* Assets.xcassets */; };
		8ACDBC312C5CD87D00687ACF /* Base in Resources */ = {isa = PBXBuildFile; fileRef = 8ACDBC302C5CD87D00687ACF /* Base */; };
		8AD8146E2C62B6DC008DAA5D /* Tracker.swift in Sources */ = {isa = PBXBuildFile; fileRef = 8AD8146D2C62B6DC008DAA5D /* Tracker.swift */; };
		8AD814702C62B789008DAA5D /* TrackerCategory.swift in Sources */ = {isa = PBXBuildFile; fileRef = 8AD8146F2C62B789008DAA5D /* TrackerCategory.swift */; };
		8AD814722C62B7D3008DAA5D /* TrackerRecord.swift in Sources */ = {isa = PBXBuildFile; fileRef = 8AD814712C62B7D3008DAA5D /* TrackerRecord.swift */; };
		8AD814742C63A105008DAA5D /* TrackersCollectionViewCell.swift in Sources */ = {isa = PBXBuildFile; fileRef = 8AD814732C63A105008DAA5D /* TrackersCollectionViewCell.swift */; };
		8AD814762C63B85A008DAA5D /* GeometricParams.swift in Sources */ = {isa = PBXBuildFile; fileRef = 8AD814752C63B85A008DAA5D /* GeometricParams.swift */; };
		8AD814782C640F5F008DAA5D /* ChooseTypeTrackerViewController.swift in Sources */ = {isa = PBXBuildFile; fileRef = 8AD814772C640F5F008DAA5D /* ChooseTypeTrackerViewController.swift */; };
		8AD8147A2C64BBE2008DAA5D /* CreateRegularEventTrackerViewController.swift in Sources */ = {isa = PBXBuildFile; fileRef = 8AD814792C64BBE2008DAA5D /* CreateRegularEventTrackerViewController.swift */; };
		8AD8147C2C64E1C5008DAA5D /* ExtensionUITextField+MaxLength.swift in Sources */ = {isa = PBXBuildFile; fileRef = 8AD8147B2C64E1C5008DAA5D /* ExtensionUITextField+MaxLength.swift */; };
		8AD814802C66313D008DAA5D /* SupplementaryView.swift in Sources */ = {isa = PBXBuildFile; fileRef = 8AD8147F2C66313D008DAA5D /* SupplementaryView.swift */; };
		8AD814822C663BBB008DAA5D /* CategoryListViewController.swift in Sources */ = {isa = PBXBuildFile; fileRef = 8AD814812C663BBB008DAA5D /* CategoryListViewController.swift */; };
		8AD814842C664236008DAA5D /* AddCategoryViewController.swift in Sources */ = {isa = PBXBuildFile; fileRef = 8AD814832C664236008DAA5D /* AddCategoryViewController.swift */; };
		8AD814AC2C67A382008DAA5D /* SheduleViewController.swift in Sources */ = {isa = PBXBuildFile; fileRef = 8AD814AB2C67A382008DAA5D /* SheduleViewController.swift */; };
		8AD814AE2C67A7E2008DAA5D /* SheduleTableViewCell.swift in Sources */ = {isa = PBXBuildFile; fileRef = 8AD814AD2C67A7E2008DAA5D /* SheduleTableViewCell.swift */; };
		8AD814B02C67F4CE008DAA5D /* ExtensionNotificationName.swift in Sources */ = {isa = PBXBuildFile; fileRef = 8AD814AF2C67F4CE008DAA5D /* ExtensionNotificationName.swift */; };
		8ADF935E2C5F5EA3001A4690 /* ExtensionUIView.swift in Sources */ = {isa = PBXBuildFile; fileRef = 8ADF935D2C5F5EA3001A4690 /* ExtensionUIView.swift */; };
		8ADF93602C5F8E0D001A4690 /* TabBarController.swift in Sources */ = {isa = PBXBuildFile; fileRef = 8ADF935F2C5F8E0D001A4690 /* TabBarController.swift */; };
		8ADF93632C5F8EB3001A4690 /* TrackersViewController.swift in Sources */ = {isa = PBXBuildFile; fileRef = 8ADF93622C5F8EB3001A4690 /* TrackersViewController.swift */; };
		8ADF93652C5F8EF0001A4690 /* StatisticsViewController.swift in Sources */ = {isa = PBXBuildFile; fileRef = 8ADF93642C5F8EF0001A4690 /* StatisticsViewController.swift */; };
/* End PBXBuildFile section */

/* Begin PBXFileReference section */
		8ACDBC212C5CD87B00687ACF /* Tracker.app */ = {isa = PBXFileReference; explicitFileType = wrapper.application; includeInIndex = 0; path = Tracker.app; sourceTree = BUILT_PRODUCTS_DIR; };
		8ACDBC242C5CD87B00687ACF /* AppDelegate.swift */ = {isa = PBXFileReference; lastKnownFileType = sourcecode.swift; path = AppDelegate.swift; sourceTree = "<group>"; };
		8ACDBC262C5CD87B00687ACF /* SceneDelegate.swift */ = {isa = PBXFileReference; lastKnownFileType = sourcecode.swift; path = SceneDelegate.swift; sourceTree = "<group>"; };
		8ACDBC2D2C5CD87D00687ACF /* Assets.xcassets */ = {isa = PBXFileReference; lastKnownFileType = folder.assetcatalog; path = Assets.xcassets; sourceTree = "<group>"; };
		8ACDBC302C5CD87D00687ACF /* Base */ = {isa = PBXFileReference; lastKnownFileType = file.storyboard; name = Base; path = Base.lproj/LaunchScreen.storyboard; sourceTree = "<group>"; };
		8ACDBC322C5CD87D00687ACF /* Info.plist */ = {isa = PBXFileReference; lastKnownFileType = text.plist.xml; path = Info.plist; sourceTree = "<group>"; };
		8AD8146D2C62B6DC008DAA5D /* Tracker.swift */ = {isa = PBXFileReference; lastKnownFileType = sourcecode.swift; path = Tracker.swift; sourceTree = "<group>"; };
		8AD8146F2C62B789008DAA5D /* TrackerCategory.swift */ = {isa = PBXFileReference; lastKnownFileType = sourcecode.swift; path = TrackerCategory.swift; sourceTree = "<group>"; };
		8AD814712C62B7D3008DAA5D /* TrackerRecord.swift */ = {isa = PBXFileReference; lastKnownFileType = sourcecode.swift; path = TrackerRecord.swift; sourceTree = "<group>"; };
		8AD814732C63A105008DAA5D /* TrackersCollectionViewCell.swift */ = {isa = PBXFileReference; lastKnownFileType = sourcecode.swift; path = TrackersCollectionViewCell.swift; sourceTree = "<group>"; };
		8AD814752C63B85A008DAA5D /* GeometricParams.swift */ = {isa = PBXFileReference; lastKnownFileType = sourcecode.swift; path = GeometricParams.swift; sourceTree = "<group>"; };
		8AD814772C640F5F008DAA5D /* ChooseTypeTrackerViewController.swift */ = {isa = PBXFileReference; lastKnownFileType = sourcecode.swift; path = ChooseTypeTrackerViewController.swift; sourceTree = "<group>"; };
		8AD814792C64BBE2008DAA5D /* CreateRegularEventTrackerViewController.swift */ = {isa = PBXFileReference; lastKnownFileType = sourcecode.swift; path = CreateRegularEventTrackerViewController.swift; sourceTree = "<group>"; };
		8AD8147B2C64E1C5008DAA5D /* ExtensionUITextField+MaxLength.swift */ = {isa = PBXFileReference; lastKnownFileType = sourcecode.swift; path = "ExtensionUITextField+MaxLength.swift"; sourceTree = "<group>"; };
		8AD8147F2C66313D008DAA5D /* SupplementaryView.swift */ = {isa = PBXFileReference; lastKnownFileType = sourcecode.swift; path = SupplementaryView.swift; sourceTree = "<group>"; };
		8AD814812C663BBB008DAA5D /* CategoryListViewController.swift */ = {isa = PBXFileReference; lastKnownFileType = sourcecode.swift; path = CategoryListViewController.swift; sourceTree = "<group>"; };
		8AD814832C664236008DAA5D /* AddCategoryViewController.swift */ = {isa = PBXFileReference; lastKnownFileType = sourcecode.swift; path = AddCategoryViewController.swift; sourceTree = "<group>"; };
		8AD814AB2C67A382008DAA5D /* SheduleViewController.swift */ = {isa = PBXFileReference; lastKnownFileType = sourcecode.swift; path = SheduleViewController.swift; sourceTree = "<group>"; };
		8AD814AD2C67A7E2008DAA5D /* SheduleTableViewCell.swift */ = {isa = PBXFileReference; lastKnownFileType = sourcecode.swift; path = SheduleTableViewCell.swift; sourceTree = "<group>"; };
		8AD814AF2C67F4CE008DAA5D /* ExtensionNotificationName.swift */ = {isa = PBXFileReference; lastKnownFileType = sourcecode.swift; path = ExtensionNotificationName.swift; sourceTree = "<group>"; };
		8ADF935D2C5F5EA3001A4690 /* ExtensionUIView.swift */ = {isa = PBXFileReference; lastKnownFileType = sourcecode.swift; path = ExtensionUIView.swift; sourceTree = "<group>"; };
		8ADF935F2C5F8E0D001A4690 /* TabBarController.swift */ = {isa = PBXFileReference; lastKnownFileType = sourcecode.swift; path = TabBarController.swift; sourceTree = "<group>"; };
		8ADF93622C5F8EB3001A4690 /* TrackersViewController.swift */ = {isa = PBXFileReference; lastKnownFileType = sourcecode.swift; path = TrackersViewController.swift; sourceTree = "<group>"; };
		8ADF93642C5F8EF0001A4690 /* StatisticsViewController.swift */ = {isa = PBXFileReference; lastKnownFileType = sourcecode.swift; path = StatisticsViewController.swift; sourceTree = "<group>"; };
/* End PBXFileReference section */

/* Begin PBXFrameworksBuildPhase section */
		8ACDBC1E2C5CD87B00687ACF /* Frameworks */ = {
			isa = PBXFrameworksBuildPhase;
			buildActionMask = 2147483647;
			files = (
			);
			runOnlyForDeploymentPostprocessing = 0;
		};
/* End PBXFrameworksBuildPhase section */

/* Begin PBXGroup section */
		8ACDBC182C5CD87B00687ACF = {
			isa = PBXGroup;
			children = (
				8ACDBC232C5CD87B00687ACF /* Tracker */,
				8ACDBC222C5CD87B00687ACF /* Products */,
			);
			sourceTree = "<group>";
		};
		8ACDBC222C5CD87B00687ACF /* Products */ = {
			isa = PBXGroup;
			children = (
				8ACDBC212C5CD87B00687ACF /* Tracker.app */,
			);
			name = Products;
			sourceTree = "<group>";
		};
		8ACDBC232C5CD87B00687ACF /* Tracker */ = {
			isa = PBXGroup;
			children = (
				8ACDBC242C5CD87B00687ACF /* AppDelegate.swift */,
				8ACDBC262C5CD87B00687ACF /* SceneDelegate.swift */,
				8ADF935F2C5F8E0D001A4690 /* TabBarController.swift */,
				8AD814AA2C67A177008DAA5D /* ViewControllers */,
				8AD814A92C67A13E008DAA5D /* Models */,
				8AD814A72C67A10C008DAA5D /* Helpers */,
				8AD814A82C67A126008DAA5D /* Extensions */,
				8ACDBC2D2C5CD87D00687ACF /* Assets.xcassets */,
				8ACDBC2F2C5CD87D00687ACF /* LaunchScreen.storyboard */,
				8ACDBC322C5CD87D00687ACF /* Info.plist */,
			);
			path = Tracker;
			sourceTree = "<group>";
		};
		8AD814A72C67A10C008DAA5D /* Helpers */ = {
			isa = PBXGroup;
			children = (
				8AD814752C63B85A008DAA5D /* GeometricParams.swift */,
			);
			path = Helpers;
			sourceTree = "<group>";
		};
		8AD814A82C67A126008DAA5D /* Extensions */ = {
			isa = PBXGroup;
			children = (
				8ADF935D2C5F5EA3001A4690 /* ExtensionUIView.swift */,
				8AD8147B2C64E1C5008DAA5D /* ExtensionUITextField+MaxLength.swift */,
				8AD814AF2C67F4CE008DAA5D /* ExtensionNotificationName.swift */,
			);
			path = Extensions;
			sourceTree = "<group>";
		};
		8AD814A92C67A13E008DAA5D /* Models */ = {
			isa = PBXGroup;
			children = (
				8AD8146D2C62B6DC008DAA5D /* Tracker.swift */,
				8AD8146F2C62B789008DAA5D /* TrackerCategory.swift */,
				8AD814712C62B7D3008DAA5D /* TrackerRecord.swift */,
			);
			path = Models;
			sourceTree = "<group>";
		};
		8AD814AA2C67A177008DAA5D /* ViewControllers */ = {
			isa = PBXGroup;
			children = (
				8AD8147F2C66313D008DAA5D /* SupplementaryView.swift */,
				8AD814732C63A105008DAA5D /* TrackersCollectionViewCell.swift */,
				8ADF93622C5F8EB3001A4690 /* TrackersViewController.swift */,
				8AD814772C640F5F008DAA5D /* ChooseTypeTrackerViewController.swift */,
				8AD814792C64BBE2008DAA5D /* CreateRegularEventTrackerViewController.swift */,
				8AD814812C663BBB008DAA5D /* CategoryListViewController.swift */,
				8AD814832C664236008DAA5D /* AddCategoryViewController.swift */,
				8AD814AB2C67A382008DAA5D /* SheduleViewController.swift */,
				8AD814AD2C67A7E2008DAA5D /* SheduleTableViewCell.swift */,
				8ADF93642C5F8EF0001A4690 /* StatisticsViewController.swift */,
			);
			path = ViewControllers;
			sourceTree = "<group>";
		};
/* End PBXGroup section */

/* Begin PBXNativeTarget section */
		8ACDBC202C5CD87B00687ACF /* Tracker */ = {
			isa = PBXNativeTarget;
			buildConfigurationList = 8ACDBC352C5CD87D00687ACF /* Build configuration list for PBXNativeTarget "Tracker" */;
			buildPhases = (
				8ACDBC1D2C5CD87B00687ACF /* Sources */,
				8ACDBC1E2C5CD87B00687ACF /* Frameworks */,
				8ACDBC1F2C5CD87B00687ACF /* Resources */,
			);
			buildRules = (
			);
			dependencies = (
			);
			name = Tracker;
			productName = Tracker;
			productReference = 8ACDBC212C5CD87B00687ACF /* Tracker.app */;
			productType = "com.apple.product-type.application";
		};
/* End PBXNativeTarget section */

/* Begin PBXProject section */
		8ACDBC192C5CD87B00687ACF /* Project object */ = {
			isa = PBXProject;
			attributes = {
				BuildIndependentTargetsInParallel = 1;
				LastSwiftUpdateCheck = 1540;
				LastUpgradeCheck = 1540;
				TargetAttributes = {
					8ACDBC202C5CD87B00687ACF = {
						CreatedOnToolsVersion = 15.4;
					};
				};
			};
			buildConfigurationList = 8ACDBC1C2C5CD87B00687ACF /* Build configuration list for PBXProject "Tracker" */;
			compatibilityVersion = "Xcode 14.0";
			developmentRegion = en;
			hasScannedForEncodings = 0;
			knownRegions = (
				en,
				Base,
			);
			mainGroup = 8ACDBC182C5CD87B00687ACF;
			productRefGroup = 8ACDBC222C5CD87B00687ACF /* Products */;
			projectDirPath = "";
			projectRoot = "";
			targets = (
				8ACDBC202C5CD87B00687ACF /* Tracker */,
			);
		};
/* End PBXProject section */

/* Begin PBXResourcesBuildPhase section */
		8ACDBC1F2C5CD87B00687ACF /* Resources */ = {
			isa = PBXResourcesBuildPhase;
			buildActionMask = 2147483647;
			files = (
				8ACDBC2E2C5CD87D00687ACF /* Assets.xcassets in Resources */,
				8ACDBC312C5CD87D00687ACF /* Base in Resources */,
			);
			runOnlyForDeploymentPostprocessing = 0;
		};
/* End PBXResourcesBuildPhase section */

/* Begin PBXSourcesBuildPhase section */
		8ACDBC1D2C5CD87B00687ACF /* Sources */ = {
			isa = PBXSourcesBuildPhase;
			buildActionMask = 2147483647;
			files = (
				8ACDBC252C5CD87B00687ACF /* AppDelegate.swift in Sources */,
				8ADF93652C5F8EF0001A4690 /* StatisticsViewController.swift in Sources */,
				8AD814AE2C67A7E2008DAA5D /* SheduleTableViewCell.swift in Sources */,
				8AD814782C640F5F008DAA5D /* ChooseTypeTrackerViewController.swift in Sources */,
				8AD814702C62B789008DAA5D /* TrackerCategory.swift in Sources */,
				8ADF93602C5F8E0D001A4690 /* TabBarController.swift in Sources */,
				8AD814762C63B85A008DAA5D /* GeometricParams.swift in Sources */,
				8AD8147C2C64E1C5008DAA5D /* ExtensionUITextField+MaxLength.swift in Sources */,
				8AD814AC2C67A382008DAA5D /* SheduleViewController.swift in Sources */,
				8ACDBC272C5CD87B00687ACF /* SceneDelegate.swift in Sources */,
				8AD814822C663BBB008DAA5D /* CategoryListViewController.swift in Sources */,
				8AD814722C62B7D3008DAA5D /* TrackerRecord.swift in Sources */,
				8AD8147A2C64BBE2008DAA5D /* CreateRegularEventTrackerViewController.swift in Sources */,
				8ADF93632C5F8EB3001A4690 /* TrackersViewController.swift in Sources */,
				8ADF935E2C5F5EA3001A4690 /* ExtensionUIView.swift in Sources */,
				8AD814842C664236008DAA5D /* AddCategoryViewController.swift in Sources */,
				8AD814802C66313D008DAA5D /* SupplementaryView.swift in Sources */,
				8AD814742C63A105008DAA5D /* TrackersCollectionViewCell.swift in Sources */,
				8AD8146E2C62B6DC008DAA5D /* Tracker.swift in Sources */,
				8AD814B02C67F4CE008DAA5D /* ExtensionNotificationName.swift in Sources */,
			);
			runOnlyForDeploymentPostprocessing = 0;
		};
/* End PBXSourcesBuildPhase section */

/* Begin PBXVariantGroup section */
		8ACDBC2F2C5CD87D00687ACF /* LaunchScreen.storyboard */ = {
			isa = PBXVariantGroup;
			children = (
				8ACDBC302C5CD87D00687ACF /* Base */,
			);
			name = LaunchScreen.storyboard;
			sourceTree = "<group>";
		};
/* End PBXVariantGroup section */

/* Begin XCBuildConfiguration section */
		8ACDBC332C5CD87D00687ACF /* Debug */ = {
			isa = XCBuildConfiguration;
			buildSettings = {
				ALWAYS_SEARCH_USER_PATHS = NO;
				ASSETCATALOG_COMPILER_GENERATE_SWIFT_ASSET_SYMBOL_EXTENSIONS = YES;
				CLANG_ANALYZER_NONNULL = YES;
				CLANG_ANALYZER_NUMBER_OBJECT_CONVERSION = YES_AGGRESSIVE;
				CLANG_CXX_LANGUAGE_STANDARD = "gnu++20";
				CLANG_ENABLE_MODULES = YES;
				CLANG_ENABLE_OBJC_ARC = YES;
				CLANG_ENABLE_OBJC_WEAK = YES;
				CLANG_WARN_BLOCK_CAPTURE_AUTORELEASING = YES;
				CLANG_WARN_BOOL_CONVERSION = YES;
				CLANG_WARN_COMMA = YES;
				CLANG_WARN_CONSTANT_CONVERSION = YES;
				CLANG_WARN_DEPRECATED_OBJC_IMPLEMENTATIONS = YES;
				CLANG_WARN_DIRECT_OBJC_ISA_USAGE = YES_ERROR;
				CLANG_WARN_DOCUMENTATION_COMMENTS = YES;
				CLANG_WARN_EMPTY_BODY = YES;
				CLANG_WARN_ENUM_CONVERSION = YES;
				CLANG_WARN_INFINITE_RECURSION = YES;
				CLANG_WARN_INT_CONVERSION = YES;
				CLANG_WARN_NON_LITERAL_NULL_CONVERSION = YES;
				CLANG_WARN_OBJC_IMPLICIT_RETAIN_SELF = YES;
				CLANG_WARN_OBJC_LITERAL_CONVERSION = YES;
				CLANG_WARN_OBJC_ROOT_CLASS = YES_ERROR;
				CLANG_WARN_QUOTED_INCLUDE_IN_FRAMEWORK_HEADER = YES;
				CLANG_WARN_RANGE_LOOP_ANALYSIS = YES;
				CLANG_WARN_STRICT_PROTOTYPES = YES;
				CLANG_WARN_SUSPICIOUS_MOVE = YES;
				CLANG_WARN_UNGUARDED_AVAILABILITY = YES_AGGRESSIVE;
				CLANG_WARN_UNREACHABLE_CODE = YES;
				CLANG_WARN__DUPLICATE_METHOD_MATCH = YES;
				COPY_PHASE_STRIP = NO;
				DEBUG_INFORMATION_FORMAT = dwarf;
				ENABLE_STRICT_OBJC_MSGSEND = YES;
				ENABLE_TESTABILITY = YES;
				ENABLE_USER_SCRIPT_SANDBOXING = YES;
				GCC_C_LANGUAGE_STANDARD = gnu17;
				GCC_DYNAMIC_NO_PIC = NO;
				GCC_NO_COMMON_BLOCKS = YES;
				GCC_OPTIMIZATION_LEVEL = 0;
				GCC_PREPROCESSOR_DEFINITIONS = (
					"DEBUG=1",
					"$(inherited)",
				);
				GCC_WARN_64_TO_32_BIT_CONVERSION = YES;
				GCC_WARN_ABOUT_RETURN_TYPE = YES_ERROR;
				GCC_WARN_UNDECLARED_SELECTOR = YES;
				GCC_WARN_UNINITIALIZED_AUTOS = YES_AGGRESSIVE;
				GCC_WARN_UNUSED_FUNCTION = YES;
				GCC_WARN_UNUSED_VARIABLE = YES;
				IPHONEOS_DEPLOYMENT_TARGET = 13.4;
				LOCALIZATION_PREFERS_STRING_CATALOGS = YES;
				MTL_ENABLE_DEBUG_INFO = INCLUDE_SOURCE;
				MTL_FAST_MATH = YES;
				ONLY_ACTIVE_ARCH = YES;
				SDKROOT = iphoneos;
				SWIFT_ACTIVE_COMPILATION_CONDITIONS = "DEBUG $(inherited)";
				SWIFT_OPTIMIZATION_LEVEL = "-Onone";
			};
			name = Debug;
		};
		8ACDBC342C5CD87D00687ACF /* Release */ = {
			isa = XCBuildConfiguration;
			buildSettings = {
				ALWAYS_SEARCH_USER_PATHS = NO;
				ASSETCATALOG_COMPILER_GENERATE_SWIFT_ASSET_SYMBOL_EXTENSIONS = YES;
				CLANG_ANALYZER_NONNULL = YES;
				CLANG_ANALYZER_NUMBER_OBJECT_CONVERSION = YES_AGGRESSIVE;
				CLANG_CXX_LANGUAGE_STANDARD = "gnu++20";
				CLANG_ENABLE_MODULES = YES;
				CLANG_ENABLE_OBJC_ARC = YES;
				CLANG_ENABLE_OBJC_WEAK = YES;
				CLANG_WARN_BLOCK_CAPTURE_AUTORELEASING = YES;
				CLANG_WARN_BOOL_CONVERSION = YES;
				CLANG_WARN_COMMA = YES;
				CLANG_WARN_CONSTANT_CONVERSION = YES;
				CLANG_WARN_DEPRECATED_OBJC_IMPLEMENTATIONS = YES;
				CLANG_WARN_DIRECT_OBJC_ISA_USAGE = YES_ERROR;
				CLANG_WARN_DOCUMENTATION_COMMENTS = YES;
				CLANG_WARN_EMPTY_BODY = YES;
				CLANG_WARN_ENUM_CONVERSION = YES;
				CLANG_WARN_INFINITE_RECURSION = YES;
				CLANG_WARN_INT_CONVERSION = YES;
				CLANG_WARN_NON_LITERAL_NULL_CONVERSION = YES;
				CLANG_WARN_OBJC_IMPLICIT_RETAIN_SELF = YES;
				CLANG_WARN_OBJC_LITERAL_CONVERSION = YES;
				CLANG_WARN_OBJC_ROOT_CLASS = YES_ERROR;
				CLANG_WARN_QUOTED_INCLUDE_IN_FRAMEWORK_HEADER = YES;
				CLANG_WARN_RANGE_LOOP_ANALYSIS = YES;
				CLANG_WARN_STRICT_PROTOTYPES = YES;
				CLANG_WARN_SUSPICIOUS_MOVE = YES;
				CLANG_WARN_UNGUARDED_AVAILABILITY = YES_AGGRESSIVE;
				CLANG_WARN_UNREACHABLE_CODE = YES;
				CLANG_WARN__DUPLICATE_METHOD_MATCH = YES;
				COPY_PHASE_STRIP = NO;
				DEBUG_INFORMATION_FORMAT = "dwarf-with-dsym";
				ENABLE_NS_ASSERTIONS = NO;
				ENABLE_STRICT_OBJC_MSGSEND = YES;
				ENABLE_USER_SCRIPT_SANDBOXING = YES;
				GCC_C_LANGUAGE_STANDARD = gnu17;
				GCC_NO_COMMON_BLOCKS = YES;
				GCC_WARN_64_TO_32_BIT_CONVERSION = YES;
				GCC_WARN_ABOUT_RETURN_TYPE = YES_ERROR;
				GCC_WARN_UNDECLARED_SELECTOR = YES;
				GCC_WARN_UNINITIALIZED_AUTOS = YES_AGGRESSIVE;
				GCC_WARN_UNUSED_FUNCTION = YES;
				GCC_WARN_UNUSED_VARIABLE = YES;
				IPHONEOS_DEPLOYMENT_TARGET = 13.4;
				LOCALIZATION_PREFERS_STRING_CATALOGS = YES;
				MTL_ENABLE_DEBUG_INFO = NO;
				MTL_FAST_MATH = YES;
				SDKROOT = iphoneos;
				SWIFT_COMPILATION_MODE = wholemodule;
				VALIDATE_PRODUCT = YES;
			};
			name = Release;
		};
		8ACDBC362C5CD87D00687ACF /* Debug */ = {
			isa = XCBuildConfiguration;
			buildSettings = {
				ASSETCATALOG_COMPILER_APPICON_NAME = AppIcon;
				ASSETCATALOG_COMPILER_GLOBAL_ACCENT_COLOR_NAME = AccentColor;
				CODE_SIGN_STYLE = Automatic;
				CURRENT_PROJECT_VERSION = 1;
				DEVELOPMENT_TEAM = 7S5V69DMQR;
				GENERATE_INFOPLIST_FILE = YES;
				INFOPLIST_FILE = Tracker/Info.plist;
				INFOPLIST_KEY_CFBundleDisplayName = "Tracker\n<!DOCTYPE plist PUBLIC \"-//Apple//DTD PLIST 1.0//EN\" \"http://www.apple.com/DTDs/PropertyList-1.0.dtd\">\n<plist version=\"1.0\">\n<string><,xml мукышщт=Э1ю0Э утсщвштп=ЭГЕА-8Э,Ю\nБ!ВЩСЕНЗУ здшые ЗГИДШС Э-..Фззду..ВЕВ ЗДШЫЕ 1ю0..УТЭ ЭреезЖ..цццюфзздуюсщь.ВЕВы.ЗкщзукенДшые-1ю0ювевЭЮ\nБздшые мукышщт=Э1ю0ЭЮ\nБыекштпЮ1Б.ыекштпЮ\nБ.здшыеЮ\n</string>\n</plist>\nTracker";
				INFOPLIST_KEY_UIApplicationSupportsIndirectInputEvents = YES;
				INFOPLIST_KEY_UILaunchStoryboardName = LaunchScreen;
				INFOPLIST_KEY_UISupportedInterfaceOrientations = UIInterfaceOrientationPortrait;
				INFOPLIST_KEY_UISupportedInterfaceOrientations_iPad = "UIInterfaceOrientationLandscapeLeft UIInterfaceOrientationLandscapeRight UIInterfaceOrientationPortrait UIInterfaceOrientationPortraitUpsideDown";
				IPHONEOS_DEPLOYMENT_TARGET = 13.4;
				LD_RUNPATH_SEARCH_PATHS = (
					"$(inherited)",
					"@executable_path/Frameworks",
				);
				MARKETING_VERSION = 1.0;
				PRODUCT_BUNDLE_IDENTIFIER = ru.praktikum.kintolayli.Tracker;
				PRODUCT_NAME = "$(TARGET_NAME)";
				SUPPORTED_PLATFORMS = "iphoneos iphonesimulator";
				SUPPORTS_MACCATALYST = NO;
				SUPPORTS_MAC_DESIGNED_FOR_IPHONE_IPAD = NO;
				SUPPORTS_XR_DESIGNED_FOR_IPHONE_IPAD = NO;
				SWIFT_EMIT_LOC_STRINGS = YES;
				SWIFT_VERSION = 5.0;
				TARGETED_DEVICE_FAMILY = 1;
			};
			name = Debug;
		};
		8ACDBC372C5CD87D00687ACF /* Release */ = {
			isa = XCBuildConfiguration;
			buildSettings = {
				ASSETCATALOG_COMPILER_APPICON_NAME = AppIcon;
				ASSETCATALOG_COMPILER_GLOBAL_ACCENT_COLOR_NAME = AccentColor;
				CODE_SIGN_STYLE = Automatic;
				CURRENT_PROJECT_VERSION = 1;
				DEVELOPMENT_TEAM = 7S5V69DMQR;
				GENERATE_INFOPLIST_FILE = YES;
				INFOPLIST_FILE = Tracker/Info.plist;
				INFOPLIST_KEY_CFBundleDisplayName = "Tracker\n<!DOCTYPE plist PUBLIC \"-//Apple//DTD PLIST 1.0//EN\" \"http://www.apple.com/DTDs/PropertyList-1.0.dtd\">\n<plist version=\"1.0\">\n<string><,xml мукышщт=Э1ю0Э утсщвштп=ЭГЕА-8Э,Ю\nБ!ВЩСЕНЗУ здшые ЗГИДШС Э-..Фззду..ВЕВ ЗДШЫЕ 1ю0..УТЭ ЭреезЖ..цццюфзздуюсщь.ВЕВы.ЗкщзукенДшые-1ю0ювевЭЮ\nБздшые мукышщт=Э1ю0ЭЮ\nБыекштпЮ1Б.ыекштпЮ\nБ.здшыеЮ\n</string>\n</plist>\nTracker";
				INFOPLIST_KEY_UIApplicationSupportsIndirectInputEvents = YES;
				INFOPLIST_KEY_UILaunchStoryboardName = LaunchScreen;
				INFOPLIST_KEY_UISupportedInterfaceOrientations = UIInterfaceOrientationPortrait;
				INFOPLIST_KEY_UISupportedInterfaceOrientations_iPad = "UIInterfaceOrientationLandscapeLeft UIInterfaceOrientationLandscapeRight UIInterfaceOrientationPortrait UIInterfaceOrientationPortraitUpsideDown";
				IPHONEOS_DEPLOYMENT_TARGET = 13.4;
				LD_RUNPATH_SEARCH_PATHS = (
					"$(inherited)",
					"@executable_path/Frameworks",
				);
				MARKETING_VERSION = 1.0;
				PRODUCT_BUNDLE_IDENTIFIER = ru.praktikum.kintolayli.Tracker;
				PRODUCT_NAME = "$(TARGET_NAME)";
				SUPPORTED_PLATFORMS = "iphoneos iphonesimulator";
				SUPPORTS_MACCATALYST = NO;
				SUPPORTS_MAC_DESIGNED_FOR_IPHONE_IPAD = NO;
				SUPPORTS_XR_DESIGNED_FOR_IPHONE_IPAD = NO;
				SWIFT_EMIT_LOC_STRINGS = YES;
				SWIFT_VERSION = 5.0;
				TARGETED_DEVICE_FAMILY = 1;
			};
			name = Release;
		};
/* End XCBuildConfiguration section */

/* Begin XCConfigurationList section */
		8ACDBC1C2C5CD87B00687ACF /* Build configuration list for PBXProject "Tracker" */ = {
			isa = XCConfigurationList;
			buildConfigurations = (
				8ACDBC332C5CD87D00687ACF /* Debug */,
				8ACDBC342C5CD87D00687ACF /* Release */,
			);
			defaultConfigurationIsVisible = 0;
			defaultConfigurationName = Release;
		};
		8ACDBC352C5CD87D00687ACF /* Build configuration list for PBXNativeTarget "Tracker" */ = {
			isa = XCConfigurationList;
			buildConfigurations = (
				8ACDBC362C5CD87D00687ACF /* Debug */,
				8ACDBC372C5CD87D00687ACF /* Release */,
			);
			defaultConfigurationIsVisible = 0;
			defaultConfigurationName = Release;
		};
/* End XCConfigurationList section */
	};
	rootObject = 8ACDBC192C5CD87B00687ACF /* Project object */;
}
