// !$*UTF8*$!
{
	archiveVersion = 1;
	classes = {
	};
	objectVersion = 56;
	objects = {

/* Begin PBXBuildFile section */
		8A0F5EE62C8FA32100A90337 /* DaysValueTransformer.swift in Sources */ = {isa = PBXBuildFile; fileRef = 8A0F5EE52C8FA32100A90337 /* DaysValueTransformer.swift */; };
		8A19F92E2C94BAEF008BC2BD /* UIColorMarshalling.swift in Sources */ = {isa = PBXBuildFile; fileRef = 8A19F92D2C94BAEF008BC2BD /* UIColorMarshalling.swift */; };
		8A19F9572C98F6F7008BC2BD /* Day.swift in Sources */ = {isa = PBXBuildFile; fileRef = 8A19F9562C98F6F7008BC2BD /* Day.swift */; };
		8A19F95B2C9B72BA008BC2BD /* TrackerCoreData+CoreDataProperties.swift in Sources */ = {isa = PBXBuildFile; fileRef = 8A19F9592C9B72BA008BC2BD /* TrackerCoreData+CoreDataProperties.swift */; };
		8A2C629B2CEE6CAA00DF8ADF /* TrackersViewControllerError.swift in Sources */ = {isa = PBXBuildFile; fileRef = 8A2C629A2CEE6CAA00DF8ADF /* TrackersViewControllerError.swift */; };
		8A2C629D2CEE77F000DF8ADF /* DefaultContext.swift in Sources */ = {isa = PBXBuildFile; fileRef = 8A2C629C2CEE77F000DF8ADF /* DefaultContext.swift */; };
		8A2C629F2CEE858300DF8ADF /* AppSettings.swift in Sources */ = {isa = PBXBuildFile; fileRef = 8A2C629E2CEE858300DF8ADF /* AppSettings.swift */; };
		8A2C62A12CEE8FE400DF8ADF /* PageModel.swift in Sources */ = {isa = PBXBuildFile; fileRef = 8A2C62A02CEE8FE400DF8ADF /* PageModel.swift */; };
		8A2C62A32CEE926F00DF8ADF /* Binding.swift in Sources */ = {isa = PBXBuildFile; fileRef = 8A2C62A22CEE926F00DF8ADF /* Binding.swift */; };
		8A4042742CE6666900D603BC /* OnboardingViewController.swift in Sources */ = {isa = PBXBuildFile; fileRef = 8A4042732CE6666900D603BC /* OnboardingViewController.swift */; };
		8A4042782CE6743100D603BC /* OnboardingPageViewController.swift in Sources */ = {isa = PBXBuildFile; fileRef = 8A4042772CE6743100D603BC /* OnboardingPageViewController.swift */; };
		8A4D6FFA2CEBA5EE00E48CCA /* CategoryListViewController.swift in Sources */ = {isa = PBXBuildFile; fileRef = 8A4D6FF92CEBA5EE00E48CCA /* CategoryListViewController.swift */; };
		8A4D6FFC2CEBA5F500E48CCA /* AddCategoryViewController.swift in Sources */ = {isa = PBXBuildFile; fileRef = 8A4D6FFB2CEBA5F500E48CCA /* AddCategoryViewController.swift */; };
		8A4D6FFE2CEBBB6400E48CCA /* CategoryListViewModel.swift in Sources */ = {isa = PBXBuildFile; fileRef = 8A4D6FFD2CEBBB6400E48CCA /* CategoryListViewModel.swift */; };
		8A5E2D602CF5F97B0036A6BC /* DayLocalizeModel.swift in Sources */ = {isa = PBXBuildFile; fileRef = 8A5E2D5F2CF5F97B0036A6BC /* DayLocalizeModel.swift */; };
		8A5E2D652CF6111D0036A6BC /* Localizable.stringsdict in Resources */ = {isa = PBXBuildFile; fileRef = 8A5E2D632CF6111D0036A6BC /* Localizable.stringsdict */; };
		8ABA45BE2CA828A7005C8395 /* TrackerStoreError.swift in Sources */ = {isa = PBXBuildFile; fileRef = 8ABA45BD2CA828A7005C8395 /* TrackerStoreError.swift */; };
		8ABA45C02CA828CD005C8395 /* TrackerCategoryStoreError.swift in Sources */ = {isa = PBXBuildFile; fileRef = 8ABA45BF2CA828CD005C8395 /* TrackerCategoryStoreError.swift */; };
		8ABA45C22CA828E7005C8395 /* TrackerCategoryStoreUpdate.swift in Sources */ = {isa = PBXBuildFile; fileRef = 8ABA45C12CA828E7005C8395 /* TrackerCategoryStoreUpdate.swift */; };
		8ABA45C42CA82918005C8395 /* TrackerRecordStoreError.swift in Sources */ = {isa = PBXBuildFile; fileRef = 8ABA45C32CA82918005C8395 /* TrackerRecordStoreError.swift */; };
		8AC3DDB62CA88FF80029C053 /* Model.xcdatamodeld in Sources */ = {isa = PBXBuildFile; fileRef = 8AC3DDB42CA88FF80029C053 /* Model.xcdatamodeld */; };
		8ACDBC252C5CD87B00687ACF /* AppDelegate.swift in Sources */ = {isa = PBXBuildFile; fileRef = 8ACDBC242C5CD87B00687ACF /* AppDelegate.swift */; };
		8ACDBC272C5CD87B00687ACF /* SceneDelegate.swift in Sources */ = {isa = PBXBuildFile; fileRef = 8ACDBC262C5CD87B00687ACF /* SceneDelegate.swift */; };
		8ACDBC2E2C5CD87D00687ACF /* Assets.xcassets in Resources */ = {isa = PBXBuildFile; fileRef = 8ACDBC2D2C5CD87D00687ACF /* Assets.xcassets */; };
		8ACDBC312C5CD87D00687ACF /* Base in Resources */ = {isa = PBXBuildFile; fileRef = 8ACDBC302C5CD87D00687ACF /* Base */; };
		8AD382272CF5E1FB00A0F2C4 /* Localizable.strings in Resources */ = {isa = PBXBuildFile; fileRef = 8AD382252CF5E1FB00A0F2C4 /* Localizable.strings */; };
		8AD8146E2C62B6DC008DAA5D /* Tracker.swift in Sources */ = {isa = PBXBuildFile; fileRef = 8AD8146D2C62B6DC008DAA5D /* Tracker.swift */; };
		8AD814702C62B789008DAA5D /* TrackerCategory.swift in Sources */ = {isa = PBXBuildFile; fileRef = 8AD8146F2C62B789008DAA5D /* TrackerCategory.swift */; };
		8AD814722C62B7D3008DAA5D /* TrackerRecord.swift in Sources */ = {isa = PBXBuildFile; fileRef = 8AD814712C62B7D3008DAA5D /* TrackerRecord.swift */; };
		8AD814742C63A105008DAA5D /* TrackersCollectionViewCell.swift in Sources */ = {isa = PBXBuildFile; fileRef = 8AD814732C63A105008DAA5D /* TrackersCollectionViewCell.swift */; };
		8AD814762C63B85A008DAA5D /* GeometricParams.swift in Sources */ = {isa = PBXBuildFile; fileRef = 8AD814752C63B85A008DAA5D /* GeometricParams.swift */; };
		8AD814782C640F5F008DAA5D /* ChooseTypeTrackerViewController.swift in Sources */ = {isa = PBXBuildFile; fileRef = 8AD814772C640F5F008DAA5D /* ChooseTypeTrackerViewController.swift */; };
		8AD8147A2C64BBE2008DAA5D /* CreateEventTrackerViewController.swift in Sources */ = {isa = PBXBuildFile; fileRef = 8AD814792C64BBE2008DAA5D /* CreateEventTrackerViewController.swift */; };
		8AD8147C2C64E1C5008DAA5D /* ExtensionUITextField+MaxLength.swift in Sources */ = {isa = PBXBuildFile; fileRef = 8AD8147B2C64E1C5008DAA5D /* ExtensionUITextField+MaxLength.swift */; };
		8AD814802C66313D008DAA5D /* SupplementaryView.swift in Sources */ = {isa = PBXBuildFile; fileRef = 8AD8147F2C66313D008DAA5D /* SupplementaryView.swift */; };
		8AD814AC2C67A382008DAA5D /* SheduleViewController.swift in Sources */ = {isa = PBXBuildFile; fileRef = 8AD814AB2C67A382008DAA5D /* SheduleViewController.swift */; };
		8AD814AE2C67A7E2008DAA5D /* ScheduleTableViewCell.swift in Sources */ = {isa = PBXBuildFile; fileRef = 8AD814AD2C67A7E2008DAA5D /* ScheduleTableViewCell.swift */; };
		8AD814B02C67F4CE008DAA5D /* ExtensionNotificationName.swift in Sources */ = {isa = PBXBuildFile; fileRef = 8AD814AF2C67F4CE008DAA5D /* ExtensionNotificationName.swift */; };
		8AD814B32C695567008DAA5D /* AlertPresenter.swift in Sources */ = {isa = PBXBuildFile; fileRef = 8AD814B22C695567008DAA5D /* AlertPresenter.swift */; };
		8AD814B52C69558D008DAA5D /* AlertModel.swift in Sources */ = {isa = PBXBuildFile; fileRef = 8AD814B42C69558D008DAA5D /* AlertModel.swift */; };
		8AD814B92C6A6DEF008DAA5D /* BaseTableViewCell.swift in Sources */ = {isa = PBXBuildFile; fileRef = 8AD814B82C6A6DEF008DAA5D /* BaseTableViewCell.swift */; };
		8AD814DC2C6E1829008DAA5D /* EmojiesColorCollectionViewCell.swift in Sources */ = {isa = PBXBuildFile; fileRef = 8AD814DB2C6E1829008DAA5D /* EmojiesColorCollectionViewCell.swift */; };
		8AD814DE2C6E2151008DAA5D /* EmojiiColorSuplementaryView.swift in Sources */ = {isa = PBXBuildFile; fileRef = 8AD814DD2C6E2151008DAA5D /* EmojiiColorSuplementaryView.swift */; };
		8ADF935E2C5F5EA3001A4690 /* ExtensionUIView.swift in Sources */ = {isa = PBXBuildFile; fileRef = 8ADF935D2C5F5EA3001A4690 /* ExtensionUIView.swift */; };
		8ADF93602C5F8E0D001A4690 /* TabBarController.swift in Sources */ = {isa = PBXBuildFile; fileRef = 8ADF935F2C5F8E0D001A4690 /* TabBarController.swift */; };
		8ADF93632C5F8EB3001A4690 /* TrackersViewController.swift in Sources */ = {isa = PBXBuildFile; fileRef = 8ADF93622C5F8EB3001A4690 /* TrackersViewController.swift */; };
		8ADF93652C5F8EF0001A4690 /* StatisticsViewController.swift in Sources */ = {isa = PBXBuildFile; fileRef = 8ADF93642C5F8EF0001A4690 /* StatisticsViewController.swift */; };
		8AED942A2C7539CD00EEC2A0 /* TrackerStore.swift in Sources */ = {isa = PBXBuildFile; fileRef = 8AED94292C7539CD00EEC2A0 /* TrackerStore.swift */; };
		8AED942C2C7539E300EEC2A0 /* TrackerCategoryStore.swift in Sources */ = {isa = PBXBuildFile; fileRef = 8AED942B2C7539E300EEC2A0 /* TrackerCategoryStore.swift */; };
		8AED942E2C7539FB00EEC2A0 /* TrackerRecordStore.swift in Sources */ = {isa = PBXBuildFile; fileRef = 8AED942D2C7539FB00EEC2A0 /* TrackerRecordStore.swift */; };
/* End PBXBuildFile section */

/* Begin PBXFileReference section */
		8A0F5EE52C8FA32100A90337 /* DaysValueTransformer.swift */ = {isa = PBXFileReference; lastKnownFileType = sourcecode.swift; path = DaysValueTransformer.swift; sourceTree = "<group>"; };
		8A19F92D2C94BAEF008BC2BD /* UIColorMarshalling.swift */ = {isa = PBXFileReference; lastKnownFileType = sourcecode.swift; path = UIColorMarshalling.swift; sourceTree = "<group>"; };
		8A19F9562C98F6F7008BC2BD /* Day.swift */ = {isa = PBXFileReference; lastKnownFileType = sourcecode.swift; path = Day.swift; sourceTree = "<group>"; };
		8A19F9592C9B72BA008BC2BD /* TrackerCoreData+CoreDataProperties.swift */ = {isa = PBXFileReference; lastKnownFileType = sourcecode.swift; path = "TrackerCoreData+CoreDataProperties.swift"; sourceTree = "<group>"; };
		8A2C629A2CEE6CAA00DF8ADF /* TrackersViewControllerError.swift */ = {isa = PBXFileReference; lastKnownFileType = sourcecode.swift; path = TrackersViewControllerError.swift; sourceTree = "<group>"; };
		8A2C629C2CEE77F000DF8ADF /* DefaultContext.swift */ = {isa = PBXFileReference; lastKnownFileType = sourcecode.swift; path = DefaultContext.swift; sourceTree = "<group>"; };
		8A2C629E2CEE858300DF8ADF /* AppSettings.swift */ = {isa = PBXFileReference; lastKnownFileType = sourcecode.swift; path = AppSettings.swift; sourceTree = "<group>"; };
		8A2C62A02CEE8FE400DF8ADF /* PageModel.swift */ = {isa = PBXFileReference; lastKnownFileType = sourcecode.swift; path = PageModel.swift; sourceTree = "<group>"; };
		8A2C62A22CEE926F00DF8ADF /* Binding.swift */ = {isa = PBXFileReference; lastKnownFileType = sourcecode.swift; path = Binding.swift; sourceTree = "<group>"; };
		8A4042732CE6666900D603BC /* OnboardingViewController.swift */ = {isa = PBXFileReference; lastKnownFileType = sourcecode.swift; path = OnboardingViewController.swift; sourceTree = "<group>"; };
		8A4042772CE6743100D603BC /* OnboardingPageViewController.swift */ = {isa = PBXFileReference; lastKnownFileType = sourcecode.swift; path = OnboardingPageViewController.swift; sourceTree = "<group>"; };
		8A4D6FF92CEBA5EE00E48CCA /* CategoryListViewController.swift */ = {isa = PBXFileReference; fileEncoding = 4; lastKnownFileType = sourcecode.swift; path = CategoryListViewController.swift; sourceTree = "<group>"; };
		8A4D6FFB2CEBA5F500E48CCA /* AddCategoryViewController.swift */ = {isa = PBXFileReference; fileEncoding = 4; lastKnownFileType = sourcecode.swift; path = AddCategoryViewController.swift; sourceTree = "<group>"; };
		8A4D6FFD2CEBBB6400E48CCA /* CategoryListViewModel.swift */ = {isa = PBXFileReference; lastKnownFileType = sourcecode.swift; path = CategoryListViewModel.swift; sourceTree = "<group>"; };
		8A5E2D5F2CF5F97B0036A6BC /* DayLocalizeModel.swift */ = {isa = PBXFileReference; lastKnownFileType = sourcecode.swift; path = DayLocalizeModel.swift; sourceTree = "<group>"; };
		8A5E2D612CF5FFD30036A6BC /* de */ = {isa = PBXFileReference; lastKnownFileType = text.plist.strings; name = de; path = de.lproj/LaunchScreen.strings; sourceTree = "<group>"; };
		8A5E2D622CF5FFD40036A6BC /* de */ = {isa = PBXFileReference; lastKnownFileType = text.plist.strings; name = de; path = de.lproj/Localizable.strings; sourceTree = "<group>"; };
		8A5E2D642CF6111D0036A6BC /* en */ = {isa = PBXFileReference; lastKnownFileType = text.plist.stringsdict; name = en; path = en.lproj/Localizable.stringsdict; sourceTree = "<group>"; };
		8A5E2D662CF613DE0036A6BC /* ru */ = {isa = PBXFileReference; lastKnownFileType = text.plist.stringsdict; name = ru; path = ru.lproj/Localizable.stringsdict; sourceTree = "<group>"; };
		8A5E2D672CF615270036A6BC /* de */ = {isa = PBXFileReference; lastKnownFileType = text.plist.stringsdict; name = de; path = de.lproj/Localizable.stringsdict; sourceTree = "<group>"; };
		8ABA45BD2CA828A7005C8395 /* TrackerStoreError.swift */ = {isa = PBXFileReference; lastKnownFileType = sourcecode.swift; path = TrackerStoreError.swift; sourceTree = "<group>"; };
		8ABA45BF2CA828CD005C8395 /* TrackerCategoryStoreError.swift */ = {isa = PBXFileReference; lastKnownFileType = sourcecode.swift; path = TrackerCategoryStoreError.swift; sourceTree = "<group>"; };
		8ABA45C12CA828E7005C8395 /* TrackerCategoryStoreUpdate.swift */ = {isa = PBXFileReference; lastKnownFileType = sourcecode.swift; path = TrackerCategoryStoreUpdate.swift; sourceTree = "<group>"; };
		8ABA45C32CA82918005C8395 /* TrackerRecordStoreError.swift */ = {isa = PBXFileReference; lastKnownFileType = sourcecode.swift; path = TrackerRecordStoreError.swift; sourceTree = "<group>"; };
		8AC3DDB52CA88FF80029C053 /* Model.xcdatamodel */ = {isa = PBXFileReference; lastKnownFileType = wrapper.xcdatamodel; path = Model.xcdatamodel; sourceTree = "<group>"; };
		8ACDBC212C5CD87B00687ACF /* Tracker.app */ = {isa = PBXFileReference; explicitFileType = wrapper.application; includeInIndex = 0; path = Tracker.app; sourceTree = BUILT_PRODUCTS_DIR; };
		8ACDBC242C5CD87B00687ACF /* AppDelegate.swift */ = {isa = PBXFileReference; lastKnownFileType = sourcecode.swift; path = AppDelegate.swift; sourceTree = "<group>"; };
		8ACDBC262C5CD87B00687ACF /* SceneDelegate.swift */ = {isa = PBXFileReference; lastKnownFileType = sourcecode.swift; path = SceneDelegate.swift; sourceTree = "<group>"; };
		8ACDBC2D2C5CD87D00687ACF /* Assets.xcassets */ = {isa = PBXFileReference; lastKnownFileType = folder.assetcatalog; path = Assets.xcassets; sourceTree = "<group>"; };
		8ACDBC302C5CD87D00687ACF /* Base */ = {isa = PBXFileReference; lastKnownFileType = file.storyboard; name = Base; path = Base.lproj/LaunchScreen.storyboard; sourceTree = "<group>"; };
		8ACDBC322C5CD87D00687ACF /* Info.plist */ = {isa = PBXFileReference; lastKnownFileType = text.plist.xml; path = Info.plist; sourceTree = "<group>"; };
		8AD382262CF5E1FB00A0F2C4 /* en */ = {isa = PBXFileReference; lastKnownFileType = text.plist.strings; name = en; path = en.lproj/Localizable.strings; sourceTree = "<group>"; };
		8AD382282CF5E55E00A0F2C4 /* ru */ = {isa = PBXFileReference; lastKnownFileType = text.plist.strings; name = ru; path = ru.lproj/LaunchScreen.strings; sourceTree = "<group>"; };
		8AD382292CF5E55E00A0F2C4 /* ru */ = {isa = PBXFileReference; lastKnownFileType = text.plist.strings; name = ru; path = ru.lproj/Localizable.strings; sourceTree = "<group>"; };
		8AD8146D2C62B6DC008DAA5D /* Tracker.swift */ = {isa = PBXFileReference; lastKnownFileType = sourcecode.swift; path = Tracker.swift; sourceTree = "<group>"; };
		8AD8146F2C62B789008DAA5D /* TrackerCategory.swift */ = {isa = PBXFileReference; lastKnownFileType = sourcecode.swift; path = TrackerCategory.swift; sourceTree = "<group>"; };
		8AD814712C62B7D3008DAA5D /* TrackerRecord.swift */ = {isa = PBXFileReference; lastKnownFileType = sourcecode.swift; path = TrackerRecord.swift; sourceTree = "<group>"; };
		8AD814732C63A105008DAA5D /* TrackersCollectionViewCell.swift */ = {isa = PBXFileReference; lastKnownFileType = sourcecode.swift; path = TrackersCollectionViewCell.swift; sourceTree = "<group>"; };
		8AD814752C63B85A008DAA5D /* GeometricParams.swift */ = {isa = PBXFileReference; lastKnownFileType = sourcecode.swift; path = GeometricParams.swift; sourceTree = "<group>"; };
		8AD814772C640F5F008DAA5D /* ChooseTypeTrackerViewController.swift */ = {isa = PBXFileReference; lastKnownFileType = sourcecode.swift; path = ChooseTypeTrackerViewController.swift; sourceTree = "<group>"; };
		8AD814792C64BBE2008DAA5D /* CreateEventTrackerViewController.swift */ = {isa = PBXFileReference; lastKnownFileType = sourcecode.swift; path = CreateEventTrackerViewController.swift; sourceTree = "<group>"; };
		8AD8147B2C64E1C5008DAA5D /* ExtensionUITextField+MaxLength.swift */ = {isa = PBXFileReference; lastKnownFileType = sourcecode.swift; path = "ExtensionUITextField+MaxLength.swift"; sourceTree = "<group>"; };
		8AD8147F2C66313D008DAA5D /* SupplementaryView.swift */ = {isa = PBXFileReference; lastKnownFileType = sourcecode.swift; path = SupplementaryView.swift; sourceTree = "<group>"; };
		8AD814AB2C67A382008DAA5D /* SheduleViewController.swift */ = {isa = PBXFileReference; lastKnownFileType = sourcecode.swift; path = SheduleViewController.swift; sourceTree = "<group>"; };
		8AD814AD2C67A7E2008DAA5D /* ScheduleTableViewCell.swift */ = {isa = PBXFileReference; lastKnownFileType = sourcecode.swift; path = ScheduleTableViewCell.swift; sourceTree = "<group>"; };
		8AD814AF2C67F4CE008DAA5D /* ExtensionNotificationName.swift */ = {isa = PBXFileReference; lastKnownFileType = sourcecode.swift; path = ExtensionNotificationName.swift; sourceTree = "<group>"; };
		8AD814B22C695567008DAA5D /* AlertPresenter.swift */ = {isa = PBXFileReference; lastKnownFileType = sourcecode.swift; path = AlertPresenter.swift; sourceTree = "<group>"; };
		8AD814B42C69558D008DAA5D /* AlertModel.swift */ = {isa = PBXFileReference; lastKnownFileType = sourcecode.swift; path = AlertModel.swift; sourceTree = "<group>"; };
		8AD814B82C6A6DEF008DAA5D /* BaseTableViewCell.swift */ = {isa = PBXFileReference; lastKnownFileType = sourcecode.swift; path = BaseTableViewCell.swift; sourceTree = "<group>"; };
		8AD814DB2C6E1829008DAA5D /* EmojiesColorCollectionViewCell.swift */ = {isa = PBXFileReference; lastKnownFileType = sourcecode.swift; path = EmojiesColorCollectionViewCell.swift; sourceTree = "<group>"; };
		8AD814DD2C6E2151008DAA5D /* EmojiiColorSuplementaryView.swift */ = {isa = PBXFileReference; lastKnownFileType = sourcecode.swift; path = EmojiiColorSuplementaryView.swift; sourceTree = "<group>"; };
		8ADF935D2C5F5EA3001A4690 /* ExtensionUIView.swift */ = {isa = PBXFileReference; lastKnownFileType = sourcecode.swift; path = ExtensionUIView.swift; sourceTree = "<group>"; };
		8ADF935F2C5F8E0D001A4690 /* TabBarController.swift */ = {isa = PBXFileReference; lastKnownFileType = sourcecode.swift; path = TabBarController.swift; sourceTree = "<group>"; };
		8ADF93622C5F8EB3001A4690 /* TrackersViewController.swift */ = {isa = PBXFileReference; lastKnownFileType = sourcecode.swift; path = TrackersViewController.swift; sourceTree = "<group>"; };
		8ADF93642C5F8EF0001A4690 /* StatisticsViewController.swift */ = {isa = PBXFileReference; lastKnownFileType = sourcecode.swift; path = StatisticsViewController.swift; sourceTree = "<group>"; };
		8AED94292C7539CD00EEC2A0 /* TrackerStore.swift */ = {isa = PBXFileReference; lastKnownFileType = sourcecode.swift; path = TrackerStore.swift; sourceTree = "<group>"; };
		8AED942B2C7539E300EEC2A0 /* TrackerCategoryStore.swift */ = {isa = PBXFileReference; lastKnownFileType = sourcecode.swift; path = TrackerCategoryStore.swift; sourceTree = "<group>"; };
		8AED942D2C7539FB00EEC2A0 /* TrackerRecordStore.swift */ = {isa = PBXFileReference; lastKnownFileType = sourcecode.swift; path = TrackerRecordStore.swift; sourceTree = "<group>"; };
/* End PBXFileReference section */

/* Begin PBXFrameworksBuildPhase section */
		8ACDBC1E2C5CD87B00687ACF /* Frameworks */ = {
			isa = PBXFrameworksBuildPhase;
			buildActionMask = 2147483647;
			files = (
			);
			runOnlyForDeploymentPostprocessing = 0;
		};
/* End PBXFrameworksBuildPhase section */

/* Begin PBXGroup section */
		8A19F94F2C98F052008BC2BD /* CoreData */ = {
			isa = PBXGroup;
			children = (
				8A19F9592C9B72BA008BC2BD /* TrackerCoreData+CoreDataProperties.swift */,
			);
			path = CoreData;
			sourceTree = "<group>";
		};
		8A4D6FFF2CEBBB6A00E48CCA /* ViewModels */ = {
			isa = PBXGroup;
			children = (
				8A4D6FFD2CEBBB6400E48CCA /* CategoryListViewModel.swift */,
				8A2C62A22CEE926F00DF8ADF /* Binding.swift */,
			);
			path = ViewModels;
			sourceTree = "<group>";
		};
		8A5E2D682CF633430036A6BC /* Resources */ = {
			isa = PBXGroup;
			children = (
				8A5E2D632CF6111D0036A6BC /* Localizable.stringsdict */,
				8AD382252CF5E1FB00A0F2C4 /* Localizable.strings */,
			);
			path = Resources;
			sourceTree = "<group>";
		};
		8ACDBC182C5CD87B00687ACF = {
			isa = PBXGroup;
			children = (
				8ACDBC232C5CD87B00687ACF /* Tracker */,
				8ACDBC222C5CD87B00687ACF /* Products */,
			);
			sourceTree = "<group>";
		};
		8ACDBC222C5CD87B00687ACF /* Products */ = {
			isa = PBXGroup;
			children = (
				8ACDBC212C5CD87B00687ACF /* Tracker.app */,
			);
			name = Products;
			sourceTree = "<group>";
		};
		8ACDBC232C5CD87B00687ACF /* Tracker */ = {
			isa = PBXGroup;
			children = (
				8AC3DDB42CA88FF80029C053 /* Model.xcdatamodeld */,
				8A2C629E2CEE858300DF8ADF /* AppSettings.swift */,
				8ACDBC242C5CD87B00687ACF /* AppDelegate.swift */,
				8ACDBC262C5CD87B00687ACF /* SceneDelegate.swift */,
				8ADF935F2C5F8E0D001A4690 /* TabBarController.swift */,
				8A19F94F2C98F052008BC2BD /* CoreData */,
				8AED94282C7539B800EEC2A0 /* Domain */,
				8AD814B12C695551008DAA5D /* AlertPresenter */,
				8AD814BA2C6ABC9C008DAA5D /* Cells */,
				8AD814AA2C67A177008DAA5D /* ViewControllers */,
				8A4D6FFF2CEBBB6A00E48CCA /* ViewModels */,
				8AD814A92C67A13E008DAA5D /* Models */,
				8AD814A72C67A10C008DAA5D /* Helpers */,
				8AD814A82C67A126008DAA5D /* Extensions */,
				8A5E2D682CF633430036A6BC /* Resources */,
				8ACDBC2D2C5CD87D00687ACF /* Assets.xcassets */,
				8ACDBC2F2C5CD87D00687ACF /* LaunchScreen.storyboard */,
				8ACDBC322C5CD87D00687ACF /* Info.plist */,
			);
			path = Tracker;
			sourceTree = "<group>";
		};
		8AD814A72C67A10C008DAA5D /* Helpers */ = {
			isa = PBXGroup;
			children = (
				8A19F92D2C94BAEF008BC2BD /* UIColorMarshalling.swift */,
				8A0F5EE52C8FA32100A90337 /* DaysValueTransformer.swift */,
				8AD814752C63B85A008DAA5D /* GeometricParams.swift */,
			);
			path = Helpers;
			sourceTree = "<group>";
		};
		8AD814A82C67A126008DAA5D /* Extensions */ = {
			isa = PBXGroup;
			children = (
				8ADF935D2C5F5EA3001A4690 /* ExtensionUIView.swift */,
				8AD8147B2C64E1C5008DAA5D /* ExtensionUITextField+MaxLength.swift */,
				8AD814AF2C67F4CE008DAA5D /* ExtensionNotificationName.swift */,
			);
			path = Extensions;
			sourceTree = "<group>";
		};
		8AD814A92C67A13E008DAA5D /* Models */ = {
			isa = PBXGroup;
			children = (
				8A2C62A02CEE8FE400DF8ADF /* PageModel.swift */,
				8A19F9562C98F6F7008BC2BD /* Day.swift */,
				8A5E2D5F2CF5F97B0036A6BC /* DayLocalizeModel.swift */,
				8AD8146D2C62B6DC008DAA5D /* Tracker.swift */,
				8AD8146F2C62B789008DAA5D /* TrackerCategory.swift */,
				8AD814712C62B7D3008DAA5D /* TrackerRecord.swift */,
			);
			path = Models;
			sourceTree = "<group>";
		};
		8AD814AA2C67A177008DAA5D /* ViewControllers */ = {
			isa = PBXGroup;
			children = (
				8A4042772CE6743100D603BC /* OnboardingPageViewController.swift */,
				8A4042732CE6666900D603BC /* OnboardingViewController.swift */,
				8ADF93622C5F8EB3001A4690 /* TrackersViewController.swift */,
				8A2C629A2CEE6CAA00DF8ADF /* TrackersViewControllerError.swift */,
				8AD814772C640F5F008DAA5D /* ChooseTypeTrackerViewController.swift */,
				8AD814792C64BBE2008DAA5D /* CreateEventTrackerViewController.swift */,
				8A4D6FF92CEBA5EE00E48CCA /* CategoryListViewController.swift */,
				8A4D6FFB2CEBA5F500E48CCA /* AddCategoryViewController.swift */,
				8AD814AB2C67A382008DAA5D /* SheduleViewController.swift */,
				8ADF93642C5F8EF0001A4690 /* StatisticsViewController.swift */,
			);
			path = ViewControllers;
			sourceTree = "<group>";
		};
		8AD814B12C695551008DAA5D /* AlertPresenter */ = {
			isa = PBXGroup;
			children = (
				8AD814B22C695567008DAA5D /* AlertPresenter.swift */,
				8AD814B42C69558D008DAA5D /* AlertModel.swift */,
			);
			path = AlertPresenter;
			sourceTree = "<group>";
		};
		8AD814BA2C6ABC9C008DAA5D /* Cells */ = {
			isa = PBXGroup;
			children = (
				8AD814B82C6A6DEF008DAA5D /* BaseTableViewCell.swift */,
				8AD814AD2C67A7E2008DAA5D /* ScheduleTableViewCell.swift */,
				8AD8147F2C66313D008DAA5D /* SupplementaryView.swift */,
				8AD814732C63A105008DAA5D /* TrackersCollectionViewCell.swift */,
				8AD814DB2C6E1829008DAA5D /* EmojiesColorCollectionViewCell.swift */,
				8AD814DD2C6E2151008DAA5D /* EmojiiColorSuplementaryView.swift */,
			);
			path = Cells;
			sourceTree = "<group>";
		};
		8AED94282C7539B800EEC2A0 /* Domain */ = {
			isa = PBXGroup;
			children = (
				8AED94292C7539CD00EEC2A0 /* TrackerStore.swift */,
				8ABA45BD2CA828A7005C8395 /* TrackerStoreError.swift */,
				8AED942B2C7539E300EEC2A0 /* TrackerCategoryStore.swift */,
				8ABA45C12CA828E7005C8395 /* TrackerCategoryStoreUpdate.swift */,
				8ABA45BF2CA828CD005C8395 /* TrackerCategoryStoreError.swift */,
				8AED942D2C7539FB00EEC2A0 /* TrackerRecordStore.swift */,
				8ABA45C32CA82918005C8395 /* TrackerRecordStoreError.swift */,
				8A2C629C2CEE77F000DF8ADF /* DefaultContext.swift */,
			);
			path = Domain;
			sourceTree = "<group>";
		};
/* End PBXGroup section */

/* Begin PBXNativeTarget section */
		8ACDBC202C5CD87B00687ACF /* Tracker */ = {
			isa = PBXNativeTarget;
			buildConfigurationList = 8ACDBC352C5CD87D00687ACF /* Build configuration list for PBXNativeTarget "Tracker" */;
			buildPhases = (
				8ACDBC1D2C5CD87B00687ACF /* Sources */,
				8ACDBC1E2C5CD87B00687ACF /* Frameworks */,
				8ACDBC1F2C5CD87B00687ACF /* Resources */,
			);
			buildRules = (
			);
			dependencies = (
			);
			name = Tracker;
			productName = Tracker;
			productReference = 8ACDBC212C5CD87B00687ACF /* Tracker.app */;
			productType = "com.apple.product-type.application";
		};
/* End PBXNativeTarget section */

/* Begin PBXProject section */
		8ACDBC192C5CD87B00687ACF /* Project object */ = {
			isa = PBXProject;
			attributes = {
				BuildIndependentTargetsInParallel = 1;
				LastSwiftUpdateCheck = 1540;
				LastUpgradeCheck = 1540;
				TargetAttributes = {
					8ACDBC202C5CD87B00687ACF = {
						CreatedOnToolsVersion = 15.4;
					};
				};
			};
			buildConfigurationList = 8ACDBC1C2C5CD87B00687ACF /* Build configuration list for PBXProject "Tracker" */;
			compatibilityVersion = "Xcode 14.0";
			developmentRegion = ru;
			hasScannedForEncodings = 0;
			knownRegions = (
				en,
				Base,
				ru,
				de,
			);
			mainGroup = 8ACDBC182C5CD87B00687ACF;
			productRefGroup = 8ACDBC222C5CD87B00687ACF /* Products */;
			projectDirPath = "";
			projectRoot = "";
			targets = (
				8ACDBC202C5CD87B00687ACF /* Tracker */,
			);
		};
/* End PBXProject section */

/* Begin PBXResourcesBuildPhase section */
		8ACDBC1F2C5CD87B00687ACF /* Resources */ = {
			isa = PBXResourcesBuildPhase;
			buildActionMask = 2147483647;
			files = (
				8ACDBC2E2C5CD87D00687ACF /* Assets.xcassets in Resources */,
				8A5E2D652CF6111D0036A6BC /* Localizable.stringsdict in Resources */,
				8AD382272CF5E1FB00A0F2C4 /* Localizable.strings in Resources */,
				8ACDBC312C5CD87D00687ACF /* Base in Resources */,
			);
			runOnlyForDeploymentPostprocessing = 0;
		};
/* End PBXResourcesBuildPhase section */

/* Begin PBXSourcesBuildPhase section */
		8ACDBC1D2C5CD87B00687ACF /* Sources */ = {
			isa = PBXSourcesBuildPhase;
			buildActionMask = 2147483647;
			files = (
				8A2C62A12CEE8FE400DF8ADF /* PageModel.swift in Sources */,
				8ACDBC252C5CD87B00687ACF /* AppDelegate.swift in Sources */,
				8ADF93652C5F8EF0001A4690 /* StatisticsViewController.swift in Sources */,
				8A19F92E2C94BAEF008BC2BD /* UIColorMarshalling.swift in Sources */,
				8A2C62A32CEE926F00DF8ADF /* Binding.swift in Sources */,
				8AD814AE2C67A7E2008DAA5D /* ScheduleTableViewCell.swift in Sources */,
				8A4D6FFE2CEBBB6400E48CCA /* CategoryListViewModel.swift in Sources */,
				8AD814B92C6A6DEF008DAA5D /* BaseTableViewCell.swift in Sources */,
				8AD814782C640F5F008DAA5D /* ChooseTypeTrackerViewController.swift in Sources */,
				8A5E2D602CF5F97B0036A6BC /* DayLocalizeModel.swift in Sources */,
				8A2C629D2CEE77F000DF8ADF /* DefaultContext.swift in Sources */,
				8AD814702C62B789008DAA5D /* TrackerCategory.swift in Sources */,
				8A4042782CE6743100D603BC /* OnboardingPageViewController.swift in Sources */,
				8A4042742CE6666900D603BC /* OnboardingViewController.swift in Sources */,
				8ABA45C02CA828CD005C8395 /* TrackerCategoryStoreError.swift in Sources */,
				8ABA45BE2CA828A7005C8395 /* TrackerStoreError.swift in Sources */,
				8AD814DE2C6E2151008DAA5D /* EmojiiColorSuplementaryView.swift in Sources */,
				8ADF93602C5F8E0D001A4690 /* TabBarController.swift in Sources */,
				8AED942E2C7539FB00EEC2A0 /* TrackerRecordStore.swift in Sources */,
				8AD814762C63B85A008DAA5D /* GeometricParams.swift in Sources */,
				8AD8147C2C64E1C5008DAA5D /* ExtensionUITextField+MaxLength.swift in Sources */,
				8AD814B32C695567008DAA5D /* AlertPresenter.swift in Sources */,
				8A0F5EE62C8FA32100A90337 /* DaysValueTransformer.swift in Sources */,
				8AED942A2C7539CD00EEC2A0 /* TrackerStore.swift in Sources */,
				8AC3DDB62CA88FF80029C053 /* Model.xcdatamodeld in Sources */,
				8A19F95B2C9B72BA008BC2BD /* TrackerCoreData+CoreDataProperties.swift in Sources */,
				8AD814AC2C67A382008DAA5D /* SheduleViewController.swift in Sources */,
				8ACDBC272C5CD87B00687ACF /* SceneDelegate.swift in Sources */,
				8AD814722C62B7D3008DAA5D /* TrackerRecord.swift in Sources */,
				8AD8147A2C64BBE2008DAA5D /* CreateEventTrackerViewController.swift in Sources */,
				8ADF93632C5F8EB3001A4690 /* TrackersViewController.swift in Sources */,
				8ADF935E2C5F5EA3001A4690 /* ExtensionUIView.swift in Sources */,
				8AED942C2C7539E300EEC2A0 /* TrackerCategoryStore.swift in Sources */,
				8AD814DC2C6E1829008DAA5D /* EmojiesColorCollectionViewCell.swift in Sources */,
				8A2C629B2CEE6CAA00DF8ADF /* TrackersViewControllerError.swift in Sources */,
				8A19F9572C98F6F7008BC2BD /* Day.swift in Sources */,
				8AD814802C66313D008DAA5D /* SupplementaryView.swift in Sources */,
				8ABA45C42CA82918005C8395 /* TrackerRecordStoreError.swift in Sources */,
				8A4D6FFC2CEBA5F500E48CCA /* AddCategoryViewController.swift in Sources */,
				8ABA45C22CA828E7005C8395 /* TrackerCategoryStoreUpdate.swift in Sources */,
				8AD814742C63A105008DAA5D /* TrackersCollectionViewCell.swift in Sources */,
				8AD8146E2C62B6DC008DAA5D /* Tracker.swift in Sources */,
				8A2C629F2CEE858300DF8ADF /* AppSettings.swift in Sources */,
				8AD814B52C69558D008DAA5D /* AlertModel.swift in Sources */,
				8A4D6FFA2CEBA5EE00E48CCA /* CategoryListViewController.swift in Sources */,
				8AD814B02C67F4CE008DAA5D /* ExtensionNotificationName.swift in Sources */,
			);
			runOnlyForDeploymentPostprocessing = 0;
		};
/* End PBXSourcesBuildPhase section */

/* Begin PBXVariantGroup section */
		8A5E2D632CF6111D0036A6BC /* Localizable.stringsdict */ = {
			isa = PBXVariantGroup;
			children = (
				8A5E2D642CF6111D0036A6BC /* en */,
				8A5E2D662CF613DE0036A6BC /* ru */,
				8A5E2D672CF615270036A6BC /* de */,
			);
			name = Localizable.stringsdict;
			sourceTree = "<group>";
		};
		8ACDBC2F2C5CD87D00687ACF /* LaunchScreen.storyboard */ = {
			isa = PBXVariantGroup;
			children = (
				8ACDBC302C5CD87D00687ACF /* Base */,
				8AD382282CF5E55E00A0F2C4 /* ru */,
				8A5E2D612CF5FFD30036A6BC /* de */,
			);
			name = LaunchScreen.storyboard;
			sourceTree = "<group>";
		};
		8AD382252CF5E1FB00A0F2C4 /* Localizable.strings */ = {
			isa = PBXVariantGroup;
			children = (
				8AD382262CF5E1FB00A0F2C4 /* en */,
				8AD382292CF5E55E00A0F2C4 /* ru */,
				8A5E2D622CF5FFD40036A6BC /* de */,
			);
			name = Localizable.strings;
			sourceTree = "<group>";
		};
/* End PBXVariantGroup section */

/* Begin XCBuildConfiguration section */
		8ACDBC332C5CD87D00687ACF /* Debug */ = {
			isa = XCBuildConfiguration;
			buildSettings = {
				ALWAYS_SEARCH_USER_PATHS = NO;
				ASSETCATALOG_COMPILER_GENERATE_SWIFT_ASSET_SYMBOL_EXTENSIONS = YES;
				CLANG_ANALYZER_LOCALIZABILITY_NONLOCALIZED = YES;
				CLANG_ANALYZER_NONNULL = YES;
				CLANG_ANALYZER_NUMBER_OBJECT_CONVERSION = YES_AGGRESSIVE;
				CLANG_CXX_LANGUAGE_STANDARD = "gnu++20";
				CLANG_ENABLE_MODULES = YES;
				CLANG_ENABLE_OBJC_ARC = YES;
				CLANG_ENABLE_OBJC_WEAK = YES;
				CLANG_WARN_BLOCK_CAPTURE_AUTORELEASING = YES;
				CLANG_WARN_BOOL_CONVERSION = YES;
				CLANG_WARN_COMMA = YES;
				CLANG_WARN_CONSTANT_CONVERSION = YES;
				CLANG_WARN_DEPRECATED_OBJC_IMPLEMENTATIONS = YES;
				CLANG_WARN_DIRECT_OBJC_ISA_USAGE = YES_ERROR;
				CLANG_WARN_DOCUMENTATION_COMMENTS = YES;
				CLANG_WARN_EMPTY_BODY = YES;
				CLANG_WARN_ENUM_CONVERSION = YES;
				CLANG_WARN_INFINITE_RECURSION = YES;
				CLANG_WARN_INT_CONVERSION = YES;
				CLANG_WARN_NON_LITERAL_NULL_CONVERSION = YES;
				CLANG_WARN_OBJC_IMPLICIT_RETAIN_SELF = YES;
				CLANG_WARN_OBJC_LITERAL_CONVERSION = YES;
				CLANG_WARN_OBJC_ROOT_CLASS = YES_ERROR;
				CLANG_WARN_QUOTED_INCLUDE_IN_FRAMEWORK_HEADER = YES;
				CLANG_WARN_RANGE_LOOP_ANALYSIS = YES;
				CLANG_WARN_STRICT_PROTOTYPES = YES;
				CLANG_WARN_SUSPICIOUS_MOVE = YES;
				CLANG_WARN_UNGUARDED_AVAILABILITY = YES_AGGRESSIVE;
				CLANG_WARN_UNREACHABLE_CODE = YES;
				CLANG_WARN__DUPLICATE_METHOD_MATCH = YES;
				COPY_PHASE_STRIP = NO;
				DEBUG_INFORMATION_FORMAT = dwarf;
				ENABLE_STRICT_OBJC_MSGSEND = YES;
				ENABLE_TESTABILITY = YES;
				ENABLE_USER_SCRIPT_SANDBOXING = YES;
				GCC_C_LANGUAGE_STANDARD = gnu17;
				GCC_DYNAMIC_NO_PIC = NO;
				GCC_NO_COMMON_BLOCKS = YES;
				GCC_OPTIMIZATION_LEVEL = 0;
				GCC_PREPROCESSOR_DEFINITIONS = (
					"DEBUG=1",
					"$(inherited)",
				);
				GCC_WARN_64_TO_32_BIT_CONVERSION = YES;
				GCC_WARN_ABOUT_RETURN_TYPE = YES_ERROR;
				GCC_WARN_UNDECLARED_SELECTOR = YES;
				GCC_WARN_UNINITIALIZED_AUTOS = YES_AGGRESSIVE;
				GCC_WARN_UNUSED_FUNCTION = YES;
				GCC_WARN_UNUSED_VARIABLE = YES;
				IPHONEOS_DEPLOYMENT_TARGET = 13.4;
				LOCALIZATION_PREFERS_STRING_CATALOGS = YES;
				MTL_ENABLE_DEBUG_INFO = INCLUDE_SOURCE;
				MTL_FAST_MATH = YES;
				ONLY_ACTIVE_ARCH = YES;
				SDKROOT = iphoneos;
				SWIFT_ACTIVE_COMPILATION_CONDITIONS = "DEBUG $(inherited)";
				SWIFT_OPTIMIZATION_LEVEL = "-Onone";
			};
			name = Debug;
		};
		8ACDBC342C5CD87D00687ACF /* Release */ = {
			isa = XCBuildConfiguration;
			buildSettings = {
				ALWAYS_SEARCH_USER_PATHS = NO;
				ASSETCATALOG_COMPILER_GENERATE_SWIFT_ASSET_SYMBOL_EXTENSIONS = YES;
				CLANG_ANALYZER_LOCALIZABILITY_NONLOCALIZED = YES;
				CLANG_ANALYZER_NONNULL = YES;
				CLANG_ANALYZER_NUMBER_OBJECT_CONVERSION = YES_AGGRESSIVE;
				CLANG_CXX_LANGUAGE_STANDARD = "gnu++20";
				CLANG_ENABLE_MODULES = YES;
				CLANG_ENABLE_OBJC_ARC = YES;
				CLANG_ENABLE_OBJC_WEAK = YES;
				CLANG_WARN_BLOCK_CAPTURE_AUTORELEASING = YES;
				CLANG_WARN_BOOL_CONVERSION = YES;
				CLANG_WARN_COMMA = YES;
				CLANG_WARN_CONSTANT_CONVERSION = YES;
				CLANG_WARN_DEPRECATED_OBJC_IMPLEMENTATIONS = YES;
				CLANG_WARN_DIRECT_OBJC_ISA_USAGE = YES_ERROR;
				CLANG_WARN_DOCUMENTATION_COMMENTS = YES;
				CLANG_WARN_EMPTY_BODY = YES;
				CLANG_WARN_ENUM_CONVERSION = YES;
				CLANG_WARN_INFINITE_RECURSION = YES;
				CLANG_WARN_INT_CONVERSION = YES;
				CLANG_WARN_NON_LITERAL_NULL_CONVERSION = YES;
				CLANG_WARN_OBJC_IMPLICIT_RETAIN_SELF = YES;
				CLANG_WARN_OBJC_LITERAL_CONVERSION = YES;
				CLANG_WARN_OBJC_ROOT_CLASS = YES_ERROR;
				CLANG_WARN_QUOTED_INCLUDE_IN_FRAMEWORK_HEADER = YES;
				CLANG_WARN_RANGE_LOOP_ANALYSIS = YES;
				CLANG_WARN_STRICT_PROTOTYPES = YES;
				CLANG_WARN_SUSPICIOUS_MOVE = YES;
				CLANG_WARN_UNGUARDED_AVAILABILITY = YES_AGGRESSIVE;
				CLANG_WARN_UNREACHABLE_CODE = YES;
				CLANG_WARN__DUPLICATE_METHOD_MATCH = YES;
				COPY_PHASE_STRIP = NO;
				DEBUG_INFORMATION_FORMAT = "dwarf-with-dsym";
				ENABLE_NS_ASSERTIONS = NO;
				ENABLE_STRICT_OBJC_MSGSEND = YES;
				ENABLE_USER_SCRIPT_SANDBOXING = YES;
				GCC_C_LANGUAGE_STANDARD = gnu17;
				GCC_NO_COMMON_BLOCKS = YES;
				GCC_WARN_64_TO_32_BIT_CONVERSION = YES;
				GCC_WARN_ABOUT_RETURN_TYPE = YES_ERROR;
				GCC_WARN_UNDECLARED_SELECTOR = YES;
				GCC_WARN_UNINITIALIZED_AUTOS = YES_AGGRESSIVE;
				GCC_WARN_UNUSED_FUNCTION = YES;
				GCC_WARN_UNUSED_VARIABLE = YES;
				IPHONEOS_DEPLOYMENT_TARGET = 13.4;
				LOCALIZATION_PREFERS_STRING_CATALOGS = YES;
				MTL_ENABLE_DEBUG_INFO = NO;
				MTL_FAST_MATH = YES;
				SDKROOT = iphoneos;
				SWIFT_COMPILATION_MODE = wholemodule;
				VALIDATE_PRODUCT = YES;
			};
			name = Release;
		};
		8ACDBC362C5CD87D00687ACF /* Debug */ = {
			isa = XCBuildConfiguration;
			buildSettings = {
				ASSETCATALOG_COMPILER_APPICON_NAME = AppIcon;
				ASSETCATALOG_COMPILER_GLOBAL_ACCENT_COLOR_NAME = AccentColor;
				CODE_SIGN_STYLE = Automatic;
				CURRENT_PROJECT_VERSION = 1;
				DEVELOPMENT_TEAM = 7S5V69DMQR;
				GENERATE_INFOPLIST_FILE = YES;
				INFOPLIST_FILE = Tracker/Info.plist;
				INFOPLIST_KEY_CFBundleDisplayName = Tracker;
				INFOPLIST_KEY_UIApplicationSupportsIndirectInputEvents = YES;
				INFOPLIST_KEY_UILaunchStoryboardName = LaunchScreen;
				INFOPLIST_KEY_UISupportedInterfaceOrientations = UIInterfaceOrientationPortrait;
				INFOPLIST_KEY_UISupportedInterfaceOrientations_iPad = "UIInterfaceOrientationLandscapeLeft UIInterfaceOrientationLandscapeRight UIInterfaceOrientationPortrait UIInterfaceOrientationPortraitUpsideDown";
				IPHONEOS_DEPLOYMENT_TARGET = 13.4;
				LD_RUNPATH_SEARCH_PATHS = (
					"$(inherited)",
					"@executable_path/Frameworks",
				);
				MARKETING_VERSION = 1.0;
				PRODUCT_BUNDLE_IDENTIFIER = ru.praktikum.kintolayli.Tracker;
				PRODUCT_NAME = "$(TARGET_NAME)";
				SUPPORTED_PLATFORMS = "iphoneos iphonesimulator";
				SUPPORTS_MACCATALYST = NO;
				SUPPORTS_MAC_DESIGNED_FOR_IPHONE_IPAD = NO;
				SUPPORTS_XR_DESIGNED_FOR_IPHONE_IPAD = NO;
				SWIFT_EMIT_LOC_STRINGS = YES;
				SWIFT_VERSION = 5.0;
				TARGETED_DEVICE_FAMILY = 1;
			};
			name = Debug;
		};
		8ACDBC372C5CD87D00687ACF /* Release */ = {
			isa = XCBuildConfiguration;
			buildSettings = {
				ASSETCATALOG_COMPILER_APPICON_NAME = AppIcon;
				ASSETCATALOG_COMPILER_GLOBAL_ACCENT_COLOR_NAME = AccentColor;
				CODE_SIGN_STYLE = Automatic;
				CURRENT_PROJECT_VERSION = 1;
				DEVELOPMENT_TEAM = 7S5V69DMQR;
				GENERATE_INFOPLIST_FILE = YES;
				INFOPLIST_FILE = Tracker/Info.plist;
				INFOPLIST_KEY_CFBundleDisplayName = Tracker;
				INFOPLIST_KEY_UIApplicationSupportsIndirectInputEvents = YES;
				INFOPLIST_KEY_UILaunchStoryboardName = LaunchScreen;
				INFOPLIST_KEY_UISupportedInterfaceOrientations = UIInterfaceOrientationPortrait;
				INFOPLIST_KEY_UISupportedInterfaceOrientations_iPad = "UIInterfaceOrientationLandscapeLeft UIInterfaceOrientationLandscapeRight UIInterfaceOrientationPortrait UIInterfaceOrientationPortraitUpsideDown";
				IPHONEOS_DEPLOYMENT_TARGET = 13.4;
				LD_RUNPATH_SEARCH_PATHS = (
					"$(inherited)",
					"@executable_path/Frameworks",
				);
				MARKETING_VERSION = 1.0;
				PRODUCT_BUNDLE_IDENTIFIER = ru.praktikum.kintolayli.Tracker;
				PRODUCT_NAME = "$(TARGET_NAME)";
				SUPPORTED_PLATFORMS = "iphoneos iphonesimulator";
				SUPPORTS_MACCATALYST = NO;
				SUPPORTS_MAC_DESIGNED_FOR_IPHONE_IPAD = NO;
				SUPPORTS_XR_DESIGNED_FOR_IPHONE_IPAD = NO;
				SWIFT_EMIT_LOC_STRINGS = YES;
				SWIFT_VERSION = 5.0;
				TARGETED_DEVICE_FAMILY = 1;
			};
			name = Release;
		};
/* End XCBuildConfiguration section */

/* Begin XCConfigurationList section */
		8ACDBC1C2C5CD87B00687ACF /* Build configuration list for PBXProject "Tracker" */ = {
			isa = XCConfigurationList;
			buildConfigurations = (
				8ACDBC332C5CD87D00687ACF /* Debug */,
				8ACDBC342C5CD87D00687ACF /* Release */,
			);
			defaultConfigurationIsVisible = 0;
			defaultConfigurationName = Release;
		};
		8ACDBC352C5CD87D00687ACF /* Build configuration list for PBXNativeTarget "Tracker" */ = {
			isa = XCConfigurationList;
			buildConfigurations = (
				8ACDBC362C5CD87D00687ACF /* Debug */,
				8ACDBC372C5CD87D00687ACF /* Release */,
			);
			defaultConfigurationIsVisible = 0;
			defaultConfigurationName = Release;
		};
/* End XCConfigurationList section */

/* Begin XCVersionGroup section */
		8AC3DDB42CA88FF80029C053 /* Model.xcdatamodeld */ = {
			isa = XCVersionGroup;
			children = (
				8AC3DDB52CA88FF80029C053 /* Model.xcdatamodel */,
			);
			currentVersion = 8AC3DDB52CA88FF80029C053 /* Model.xcdatamodel */;
			path = Model.xcdatamodeld;
			sourceTree = "<group>";
			versionGroupType = wrapper.xcdatamodel;
		};
/* End XCVersionGroup section */
	};
	rootObject = 8ACDBC192C5CD87B00687ACF /* Project object */;
}
